
Microsoft Visual Studio Solution File, Format Version 12.00
# Visual Studio Version 17
VisualStudioVersion = 17.3.32922.545
MinimumVisualStudioVersion = 10.0.40219.1
Project("{FAE04EC0-301F-11D3-BF4B-00C04F79EFBC}") = "GeekBurguer.Dashboard", "GeekBurguer.Dashboard\GeekBurguer.Dashboard.csproj", "{61DB783F-79C6-4A9C-8619-0ACFF6260828}"
EndProject
Global
	GlobalSection(SolutionConfigurationPlatforms) = preSolution
		Debug|Any CPU = Debug|Any CPU
		Release|Any CPU = Release|Any CPU
	EndGlobalSection
	GlobalSection(ProjectConfigurationPlatforms) = postSolution
		{61DB783F-79C6-4A9C-8619-0ACFF6260828}.Debug|Any CPU.ActiveCfg = Debug|Any CPU
		{61DB783F-79C6-4A9C-8619-0ACFF6260828}.Debug|Any CPU.Build.0 = Debug|Any CPU
		{61DB783F-79C6-4A9C-8619-0ACFF6260828}.Release|Any CPU.ActiveCfg = Release|Any CPU
		{61DB783F-79C6-4A9C-8619-0ACFF6260828}.Release|Any CPU.Build.0 = Release|Any CPU
	EndGlobalSection
	GlobalSection(SolutionProperties) = preSolution
		HideSolutionNode = FALSE
	EndGlobalSection
	GlobalSection(ExtensibilityGlobals) = postSolution
		SolutionGuid = {19E9AC4F-9F02-4D25-A25D-4C3606FE8DA1}
	EndGlobalSection
EndGlobal
